
Microsoft Visual Studio Solution File, Format Version 12.00
# Visual Studio Version 16
VisualStudioVersion = 16.0.31829.152
MinimumVisualStudioVersion = 10.0.40219.1
Project("{FAE04EC0-301F-11D3-BF4B-00C04F79EFBC}") = "file_collector", "file_collector.csproj", "{D24BA5A0-B564-401B-B80A-C281B783E197}"
EndProject
Global
	GlobalSection(SolutionConfigurationPlatforms) = preSolution
		Debug|Any CPU = Debug|Any CPU
		Release|Any CPU = Release|Any CPU
	EndGlobalSection
	GlobalSection(ProjectConfigurationPlatforms) = postSolution
		{D24BA5A0-B564-401B-B80A-C281B783E197}.Debug|Any CPU.ActiveCfg = Debug|Any CPU
		{D24BA5A0-B564-401B-B80A-C281B783E197}.Debug|Any CPU.Build.0 = Debug|Any CPU
		{D24BA5A0-B564-401B-B80A-C281B783E197}.Release|Any CPU.ActiveCfg = Release|Any CPU
		{D24BA5A0-B564-401B-B80A-C281B783E197}.Release|Any CPU.Build.0 = Release|Any CPU
	EndGlobalSection
	GlobalSection(SolutionProperties) = preSolution
		HideSolutionNode = FALSE
	EndGlobalSection
	GlobalSection(ExtensibilityGlobals) = postSolution
		SolutionGuid = {22BB59FF-E0A9-4255-BF35-F3A4DB699385}
	EndGlobalSection
EndGlobal
